
Microsoft Visual Studio Solution File, Format Version 12.00
# Visual Studio Version 17
VisualStudioVersion = 17.0.32014.148
MinimumVisualStudioVersion = 10.0.40219.1
Project("{FAE04EC0-301F-11D3-BF4B-00C04F79EFBC}") = "calculator2", "calculator2\calculator2.csproj", "{AB332C85-3A5A-436F-9B04-6EC60D4D5D17}"
EndProject
Project("{2150E333-8FDC-42A3-9474-1A3956D46DE8}") = "Solution Items", "Solution Items", "{10D2454F-8946-4372-974C-051848A3E19E}"
EndProject
Global
	GlobalSection(SolutionConfigurationPlatforms) = preSolution
		Debug|Any CPU = Debug|Any CPU
		Release|Any CPU = Release|Any CPU
	EndGlobalSection
	GlobalSection(ProjectConfigurationPlatforms) = postSolution
		{AB332C85-3A5A-436F-9B04-6EC60D4D5D17}.Debug|Any CPU.ActiveCfg = Debug|Any CPU
		{AB332C85-3A5A-436F-9B04-6EC60D4D5D17}.Debug|Any CPU.Build.0 = Debug|Any CPU
		{AB332C85-3A5A-436F-9B04-6EC60D4D5D17}.Release|Any CPU.ActiveCfg = Release|Any CPU
		{AB332C85-3A5A-436F-9B04-6EC60D4D5D17}.Release|Any CPU.Build.0 = Release|Any CPU
	EndGlobalSection
	GlobalSection(SolutionProperties) = preSolution
		HideSolutionNode = FALSE
	EndGlobalSection
	GlobalSection(ExtensibilityGlobals) = postSolution
		SolutionGuid = {00AF571E-AB95-4A7A-B97D-BE23334D6C0D}
	EndGlobalSection
EndGlobal
